
Microsoft Visual Studio Solution File, Format Version 12.00
# Visual Studio Version 17
VisualStudioVersion = 17.11.35219.272
MinimumVisualStudioVersion = 10.0.40219.1
Project("{FAE04EC0-301F-11D3-BF4B-00C04F79EFBC}") = "wpf тесты для обучения", "wpf тесты для обучения.csproj", "{A38FF290-F853-4EFC-ADE5-06FAB039EF1E}"
EndProject
Global
	GlobalSection(SolutionConfigurationPlatforms) = preSolution
		Debug|Any CPU = Debug|Any CPU
		Release|Any CPU = Release|Any CPU
	EndGlobalSection
	GlobalSection(ProjectConfigurationPlatforms) = postSolution
		{A38FF290-F853-4EFC-ADE5-06FAB039EF1E}.Debug|Any CPU.ActiveCfg = Debug|Any CPU
		{A38FF290-F853-4EFC-ADE5-06FAB039EF1E}.Debug|Any CPU.Build.0 = Debug|Any CPU
		{A38FF290-F853-4EFC-ADE5-06FAB039EF1E}.Release|Any CPU.ActiveCfg = Release|Any CPU
		{A38FF290-F853-4EFC-ADE5-06FAB039EF1E}.Release|Any CPU.Build.0 = Release|Any CPU
	EndGlobalSection
	GlobalSection(SolutionProperties) = preSolution
		HideSolutionNode = FALSE
	EndGlobalSection
	GlobalSection(ExtensibilityGlobals) = postSolution
		SolutionGuid = {1B2FDE1A-A338-4B4B-88FA-63F7D371C777}
	EndGlobalSection
EndGlobal
